
Microsoft Visual Studio Solution File, Format Version 12.00
# Visual Studio Version 17
VisualStudioVersion = 17.11.35303.130
MinimumVisualStudioVersion = 10.0.40219.1
Project("{FAE04EC0-301F-11D3-BF4B-00C04F79EFBC}") = "Prototype", "Prototype\Prototype.csproj", "{CBCE99F7-2C1E-467B-87F7-8170BE933070}"
EndProject
Global
	GlobalSection(SolutionConfigurationPlatforms) = preSolution
		Debug|Any CPU = Debug|Any CPU
		Release|Any CPU = Release|Any CPU
	EndGlobalSection
	GlobalSection(ProjectConfigurationPlatforms) = postSolution
		{CBCE99F7-2C1E-467B-87F7-8170BE933070}.Debug|Any CPU.ActiveCfg = Debug|Any CPU
		{CBCE99F7-2C1E-467B-87F7-8170BE933070}.Debug|Any CPU.Build.0 = Debug|Any CPU
		{CBCE99F7-2C1E-467B-87F7-8170BE933070}.Release|Any CPU.ActiveCfg = Release|Any CPU
		{CBCE99F7-2C1E-467B-87F7-8170BE933070}.Release|Any CPU.Build.0 = Release|Any CPU
	EndGlobalSection
	GlobalSection(SolutionProperties) = preSolution
		HideSolutionNode = FALSE
	EndGlobalSection
	GlobalSection(ExtensibilityGlobals) = postSolution
		SolutionGuid = {277E0A42-5A58-4B33-BFF2-B0946FD2FF24}
	EndGlobalSection
EndGlobal
